
Microsoft Visual Studio Solution File, Format Version 12.00
Project("{FAE04EC0-301F-11D3-BF4B-00C04F79EFBC}") = "C_Sharp_LogHandler", "C_Sharp_LogHandler\C_Sharp_LogHandler.csproj", "{7293E121-9E6E-4C2D-A86F-66403351C6E7}"
EndProject
Global
	GlobalSection(SolutionConfigurationPlatforms) = preSolution
		Debug|Any CPU = Debug|Any CPU
		Release|Any CPU = Release|Any CPU
	EndGlobalSection
	GlobalSection(ProjectConfigurationPlatforms) = postSolution
		{7293E121-9E6E-4C2D-A86F-66403351C6E7}.Debug|Any CPU.ActiveCfg = Debug|Any CPU
		{7293E121-9E6E-4C2D-A86F-66403351C6E7}.Debug|Any CPU.Build.0 = Debug|Any CPU
		{7293E121-9E6E-4C2D-A86F-66403351C6E7}.Release|Any CPU.ActiveCfg = Release|Any CPU
		{7293E121-9E6E-4C2D-A86F-66403351C6E7}.Release|Any CPU.Build.0 = Release|Any CPU
	EndGlobalSection
EndGlobal
